<Solution>
  <Folder Name="/API/">
    <Project Path="API/SkillBridge.Api.csproj" />
  </Folder>
  <Folder Name="/Application/">
    <Project Path="Application/SkillBridge.Application.csproj" />
  </Folder>
  <Folder Name="/Domain/">
    <Project Path="Domain/SkillBridge.Domain.csproj" />
  </Folder>
  <Folder Name="/Infrastructure/">
    <Project Path="Infrastructure/SkillBridge.Infrastructure.csproj" />
  </Folder>
</Solution>
